
Microsoft Visual Studio Solution File, Format Version 12.00
# Visual Studio Version 17
VisualStudioVersion = 17.4.33213.308
MinimumVisualStudioVersion = 10.0.40219.1
Project("{FAE04EC0-301F-11D3-BF4B-00C04F79EFBC}") = "RPGAdventureFishing", "RPGAdventureFishing\RPGAdventureFishing.csproj", "{D354C498-4806-49EC-B71C-FA1D4395B932}"
EndProject
Global
	GlobalSection(SolutionConfigurationPlatforms) = preSolution
		Debug|Any CPU = Debug|Any CPU
		Release|Any CPU = Release|Any CPU
	EndGlobalSection
	GlobalSection(ProjectConfigurationPlatforms) = postSolution
		{D354C498-4806-49EC-B71C-FA1D4395B932}.Debug|Any CPU.ActiveCfg = Debug|Any CPU
		{D354C498-4806-49EC-B71C-FA1D4395B932}.Debug|Any CPU.Build.0 = Debug|Any CPU
		{D354C498-4806-49EC-B71C-FA1D4395B932}.Release|Any CPU.ActiveCfg = Release|Any CPU
		{D354C498-4806-49EC-B71C-FA1D4395B932}.Release|Any CPU.Build.0 = Release|Any CPU
	EndGlobalSection
	GlobalSection(SolutionProperties) = preSolution
		HideSolutionNode = FALSE
	EndGlobalSection
	GlobalSection(ExtensibilityGlobals) = postSolution
		SolutionGuid = {3C665308-27F7-4BB1-BF01-AE6A52AE8D87}
	EndGlobalSection
EndGlobal
